
Microsoft Visual Studio Solution File, Format Version 12.00
# Visual Studio Version 17
VisualStudioVersion = 17.3.32922.545
MinimumVisualStudioVersion = 10.0.40219.1
Project("{FAE04EC0-301F-11D3-BF4B-00C04F79EFBC}") = "WCFDatosArquitectos", "WCFDatosArquitectos.csproj", "{DB65DDD7-5C71-4A96-A0E1-67033C32CC2F}"
EndProject
Global
	GlobalSection(SolutionConfigurationPlatforms) = preSolution
		Debug|Any CPU = Debug|Any CPU
		Release|Any CPU = Release|Any CPU
	EndGlobalSection
	GlobalSection(ProjectConfigurationPlatforms) = postSolution
		{DB65DDD7-5C71-4A96-A0E1-67033C32CC2F}.Debug|Any CPU.ActiveCfg = Debug|Any CPU
		{DB65DDD7-5C71-4A96-A0E1-67033C32CC2F}.Debug|Any CPU.Build.0 = Debug|Any CPU
		{DB65DDD7-5C71-4A96-A0E1-67033C32CC2F}.Release|Any CPU.ActiveCfg = Release|Any CPU
		{DB65DDD7-5C71-4A96-A0E1-67033C32CC2F}.Release|Any CPU.Build.0 = Release|Any CPU
	EndGlobalSection
	GlobalSection(SolutionProperties) = preSolution
		HideSolutionNode = FALSE
	EndGlobalSection
	GlobalSection(ExtensibilityGlobals) = postSolution
		SolutionGuid = {56F89594-895E-4F07-9A09-153A6543B0C3}
	EndGlobalSection
EndGlobal
